// !$*UTF8*$!
{
	archiveVersion = 1;
	classes = {
	};
	objectVersion = 46;
	objects = {

/* Begin PBXBuildFile section */
		3E6F9A951F15E9140081E8CC /* main.m in Sources */ = {isa = PBXBuildFile; fileRef = 3E6F9A941F15E9140081E8CC /* main.m */; };
		3E6F9A981F15E9140081E8CC /* AppDelegate.m in Sources */ = {isa = PBXBuildFile; fileRef = 3E6F9A971F15E9140081E8CC /* AppDelegate.m */; };
		3E6F9A9B1F15E9140081E8CC /* ViewController.m in Sources */ = {isa = PBXBuildFile; fileRef = 3E6F9A9A1F15E9140081E8CC /* ViewController.m */; };
		3E6F9A9E1F15E9140081E8CC /* Main.storyboard in Resources */ = {isa = PBXBuildFile; fileRef = 3E6F9A9C1F15E9140081E8CC /* Main.storyboard */; };
		3E6F9AA01F15E9140081E8CC /* Assets.xcassets in Resources */ = {isa = PBXBuildFile; fileRef = 3E6F9A9F1F15E9140081E8CC /* Assets.xcassets */; };
		3E6F9AA31F15E9140081E8CC /* LaunchScreen.storyboard in Resources */ = {isa = PBXBuildFile; fileRef = 3E6F9AA11F15E9140081E8CC /* LaunchScreen.storyboard */; };
		3E6F9AAB1F15E95D0081E8CC /* JavaScriptCore.framework in Frameworks */ = {isa = PBXBuildFile; fileRef = 3E6F9AAA1F15E95D0081E8CC /* JavaScriptCore.framework */; };
		3E6F9AAD1F15E96D0081E8CC /* Second.html in Resources */ = {isa = PBXBuildFile; fileRef = 3E6F9AAC1F15E96D0081E8CC /* Second.html */; };
		3E6F9AE71F15F4BE0081E8CC /* .project in Resources */ = {isa = PBXBuildFile; fileRef = 3E6F9AB11F15F4BE0081E8CC /* .project */; };
		3E6F9AE81F15F4BE0081E8CC /* mobile_base.css in Resources */ = {isa = PBXBuildFile; fileRef = 3E6F9AB31F15F4BE0081E8CC /* mobile_base.css */; };
		3E6F9AE91F15F4BE0081E8CC /* cooking_icon.png in Resources */ = {isa = PBXBuildFile; fileRef = 3E6F9AB51F15F4BE0081E8CC /* cooking_icon.png */; };
		3E6F9AEA1F15F4BE0081E8CC /* icon_weather00.png in Resources */ = {isa = PBXBuildFile; fileRef = 3E6F9AB61F15F4BE0081E8CC /* icon_weather00.png */; };
		3E6F9AEB1F15F4BE0081E8CC /* icon_weather00_86.png in Resources */ = {isa = PBXBuildFile; fileRef = 3E6F9AB71F15F4BE0081E8CC /* icon_weather00_86.png */; };
		3E6F9AEC1F15F4BE0081E8CC /* icon_weather00_d.png in Resources */ = {isa = PBXBuildFile; fileRef = 3E6F9AB81F15F4BE0081E8CC /* icon_weather00_d.png */; };
		3E6F9AED1F15F4BE0081E8CC /* icon_weather01.png in Resources */ = {isa = PBXBuildFile; fileRef = 3E6F9AB91F15F4BE0081E8CC /* icon_weather01.png */; };
		3E6F9AEE1F15F4BE0081E8CC /* icon_weather011_86.png in Resources */ = {isa = PBXBuildFile; fileRef = 3E6F9ABA1F15F4BE0081E8CC /* icon_weather011_86.png */; };
		3E6F9AEF1F15F4BE0081E8CC /* icon_weather012_86.png in Resources */ = {isa = PBXBuildFile; fileRef = 3E6F9ABB1F15F4BE0081E8CC /* icon_weather012_86.png */; };
		3E6F9AF01F15F4BE0081E8CC /* icon_weather01_86.png in Resources */ = {isa = PBXBuildFile; fileRef = 3E6F9ABC1F15F4BE0081E8CC /* icon_weather01_86.png */; };
		3E6F9AF11F15F4BE0081E8CC /* icon_weather01_d.png in Resources */ = {isa = PBXBuildFile; fileRef = 3E6F9ABD1F15F4BE0081E8CC /* icon_weather01_d.png */; };
		3E6F9AF21F15F4BE0081E8CC /* icon_weather02.png in Resources */ = {isa = PBXBuildFile; fileRef = 3E6F9ABE1F15F4BE0081E8CC /* icon_weather02.png */; };
		3E6F9AF31F15F4BE0081E8CC /* icon_weather02_86.png in Resources */ = {isa = PBXBuildFile; fileRef = 3E6F9ABF1F15F4BE0081E8CC /* icon_weather02_86.png */; };
		3E6F9AF41F15F4BE0081E8CC /* icon_weather02_d.png in Resources */ = {isa = PBXBuildFile; fileRef = 3E6F9AC01F15F4BE0081E8CC /* icon_weather02_d.png */; };
		3E6F9AF51F15F4BE0081E8CC /* icon_weather03.png in Resources */ = {isa = PBXBuildFile; fileRef = 3E6F9AC11F15F4BE0081E8CC /* icon_weather03.png */; };
		3E6F9AF61F15F4BE0081E8CC /* icon_weather03_86.png in Resources */ = {isa = PBXBuildFile; fileRef = 3E6F9AC21F15F4BE0081E8CC /* icon_weather03_86.png */; };
		3E6F9AF71F15F4BE0081E8CC /* icon_weather03_d.png in Resources */ = {isa = PBXBuildFile; fileRef = 3E6F9AC31F15F4BE0081E8CC /* icon_weather03_d.png */; };
		3E6F9AF81F15F4BE0081E8CC /* icon_weather04.png in Resources */ = {isa = PBXBuildFile; fileRef = 3E6F9AC41F15F4BE0081E8CC /* icon_weather04.png */; };
		3E6F9AF91F15F4BE0081E8CC /* icon_weather04_86.png in Resources */ = {isa = PBXBuildFile; fileRef = 3E6F9AC51F15F4BE0081E8CC /* icon_weather04_86.png */; };
		3E6F9AFA1F15F4BE0081E8CC /* icon_weather04_d.png in Resources */ = {isa = PBXBuildFile; fileRef = 3E6F9AC61F15F4BE0081E8CC /* icon_weather04_d.png */; };
		3E6F9AFB1F15F4BE0081E8CC /* icon_weather05.png in Resources */ = {isa = PBXBuildFile; fileRef = 3E6F9AC71F15F4BE0081E8CC /* icon_weather05.png */; };
		3E6F9AFC1F15F4BE0081E8CC /* icon_weather05_86.png in Resources */ = {isa = PBXBuildFile; fileRef = 3E6F9AC81F15F4BE0081E8CC /* icon_weather05_86.png */; };
		3E6F9AFD1F15F4BE0081E8CC /* icon_weather05_d.png in Resources */ = {isa = PBXBuildFile; fileRef = 3E6F9AC91F15F4BE0081E8CC /* icon_weather05_d.png */; };
		3E6F9AFE1F15F4BE0081E8CC /* icon_weather06.png in Resources */ = {isa = PBXBuildFile; fileRef = 3E6F9ACA1F15F4BE0081E8CC /* icon_weather06.png */; };
		3E6F9AFF1F15F4BE0081E8CC /* icon_weather06_86.png in Resources */ = {isa = PBXBuildFile; fileRef = 3E6F9ACB1F15F4BE0081E8CC /* icon_weather06_86.png */; };
		3E6F9B001F15F4BE0081E8CC /* icon_weather06_d.png in Resources */ = {isa = PBXBuildFile; fileRef = 3E6F9ACC1F15F4BE0081E8CC /* icon_weather06_d.png */; };
		3E6F9B011F15F4BE0081E8CC /* icon_weather07.png in Resources */ = {isa = PBXBuildFile; fileRef = 3E6F9ACD1F15F4BE0081E8CC /* icon_weather07.png */; };
		3E6F9B021F15F4BE0081E8CC /* icon_weather07_86.png in Resources */ = {isa = PBXBuildFile; fileRef = 3E6F9ACE1F15F4BE0081E8CC /* icon_weather07_86.png */; };
		3E6F9B031F15F4BE0081E8CC /* icon_weather07_d.png in Resources */ = {isa = PBXBuildFile; fileRef = 3E6F9ACF1F15F4BE0081E8CC /* icon_weather07_d.png */; };
		3E6F9B041F15F4BE0081E8CC /* icon_weather08.png in Resources */ = {isa = PBXBuildFile; fileRef = 3E6F9AD01F15F4BE0081E8CC /* icon_weather08.png */; };
		3E6F9B051F15F4BE0081E8CC /* icon_weather08_86.png in Resources */ = {isa = PBXBuildFile; fileRef = 3E6F9AD11F15F4BE0081E8CC /* icon_weather08_86.png */; };
		3E6F9B061F15F4BE0081E8CC /* icon_weather08_d.png in Resources */ = {isa = PBXBuildFile; fileRef = 3E6F9AD21F15F4BE0081E8CC /* icon_weather08_d.png */; };
		3E6F9B071F15F4BE0081E8CC /* icon_weather09.png in Resources */ = {isa = PBXBuildFile; fileRef = 3E6F9AD31F15F4BE0081E8CC /* icon_weather09.png */; };
		3E6F9B081F15F4BE0081E8CC /* icon_weather09_86.png in Resources */ = {isa = PBXBuildFile; fileRef = 3E6F9AD41F15F4BE0081E8CC /* icon_weather09_86.png */; };
		3E6F9B091F15F4BE0081E8CC /* icon_weather09_d.png in Resources */ = {isa = PBXBuildFile; fileRef = 3E6F9AD51F15F4BE0081E8CC /* icon_weather09_d.png */; };
		3E6F9B0A1F15F4BE0081E8CC /* icon_weather10.png in Resources */ = {isa = PBXBuildFile; fileRef = 3E6F9AD61F15F4BE0081E8CC /* icon_weather10.png */; };
		3E6F9B0B1F15F4BE0081E8CC /* icon_weather10_86.png in Resources */ = {isa = PBXBuildFile; fileRef = 3E6F9AD71F15F4BE0081E8CC /* icon_weather10_86.png */; };
		3E6F9B0C1F15F4BE0081E8CC /* icon_weather10_d.png in Resources */ = {isa = PBXBuildFile; fileRef = 3E6F9AD81F15F4BE0081E8CC /* icon_weather10_d.png */; };
		3E6F9B0D1F15F4BE0081E8CC /* icon_weather11.png in Resources */ = {isa = PBXBuildFile; fileRef = 3E6F9AD91F15F4BE0081E8CC /* icon_weather11.png */; };
		3E6F9B0E1F15F4BE0081E8CC /* icon_weather11_d.png in Resources */ = {isa = PBXBuildFile; fileRef = 3E6F9ADA1F15F4BE0081E8CC /* icon_weather11_d.png */; };
		3E6F9B0F1F15F4BE0081E8CC /* icon_weather12.png in Resources */ = {isa = PBXBuildFile; fileRef = 3E6F9ADB1F15F4BE0081E8CC /* icon_weather12.png */; };
		3E6F9B101F15F4BE0081E8CC /* icon_weather12_d.png in Resources */ = {isa = PBXBuildFile; fileRef = 3E6F9ADC1F15F4BE0081E8CC /* icon_weather12_d.png */; };
		3E6F9B111F15F4BE0081E8CC /* news_title.png in Resources */ = {isa = PBXBuildFile; fileRef = 3E6F9ADD1F15F4BE0081E8CC /* news_title.png */; };
		3E6F9B121F15F4BE0081E8CC /* option_baike_title.png in Resources */ = {isa = PBXBuildFile; fileRef = 3E6F9ADE1F15F4BE0081E8CC /* option_baike_title.png */; };
		3E6F9B131F15F4BE0081E8CC /* poem_title.png in Resources */ = {isa = PBXBuildFile; fileRef = 3E6F9ADF1F15F4BE0081E8CC /* poem_title.png */; };
		3E6F9B141F15F4BE0081E8CC /* stock_down.png in Resources */ = {isa = PBXBuildFile; fileRef = 3E6F9AE01F15F4BE0081E8CC /* stock_down.png */; };
		3E6F9B151F15F4BE0081E8CC /* stock_up.png in Resources */ = {isa = PBXBuildFile; fileRef = 3E6F9AE11F15F4BE0081E8CC /* stock_up.png */; };
		3E6F9B161F15F4BE0081E8CC /* date_format.js in Resources */ = {isa = PBXBuildFile; fileRef = 3E6F9AE31F15F4BE0081E8CC /* date_format.js */; };
		3E6F9B171F15F4BE0081E8CC /* jquery.js in Resources */ = {isa = PBXBuildFile; fileRef = 3E6F9AE41F15F4BE0081E8CC /* jquery.js */; };
		3E6F9B181F15F4BE0081E8CC /* readme.txt in Resources */ = {isa = PBXBuildFile; fileRef = 3E6F9AE51F15F4BE0081E8CC /* readme.txt */; };
		3E6F9B1B1F15F4EF0081E8CC /* ui.html in Resources */ = {isa = PBXBuildFile; fileRef = 3E6F9B1A1F15F4EF0081E8CC /* ui.html */; };
/* End PBXBuildFile section */

/* Begin PBXFileReference section */
		3E6F9A901F15E9140081E8CC /* js与oc交互.app */ = {isa = PBXFileReference; explicitFileType = wrapper.application; includeInIndex = 0; path = "js与oc交互.app"; sourceTree = BUILT_PRODUCTS_DIR; };
		3E6F9A941F15E9140081E8CC /* main.m */ = {isa = PBXFileReference; lastKnownFileType = sourcecode.c.objc; path = main.m; sourceTree = "<group>"; };
		3E6F9A961F15E9140081E8CC /* AppDelegate.h */ = {isa = PBXFileReference; lastKnownFileType = sourcecode.c.h; path = AppDelegate.h; sourceTree = "<group>"; };
		3E6F9A971F15E9140081E8CC /* AppDelegate.m */ = {isa = PBXFileReference; lastKnownFileType = sourcecode.c.objc; path = AppDelegate.m; sourceTree = "<group>"; };
		3E6F9A991F15E9140081E8CC /* ViewController.h */ = {isa = PBXFileReference; lastKnownFileType = sourcecode.c.h; path = ViewController.h; sourceTree = "<group>"; };
		3E6F9A9A1F15E9140081E8CC /* ViewController.m */ = {isa = PBXFileReference; lastKnownFileType = sourcecode.c.objc; path = ViewController.m; sourceTree = "<group>"; };
		3E6F9A9D1F15E9140081E8CC /* Base */ = {isa = PBXFileReference; lastKnownFileType = file.storyboard; name = Base; path = Base.lproj/Main.storyboard; sourceTree = "<group>"; };
		3E6F9A9F1F15E9140081E8CC /* Assets.xcassets */ = {isa = PBXFileReference; lastKnownFileType = folder.assetcatalog; path = Assets.xcassets; sourceTree = "<group>"; };
		3E6F9AA21F15E9140081E8CC /* Base */ = {isa = PBXFileReference; lastKnownFileType = file.storyboard; name = Base; path = Base.lproj/LaunchScreen.storyboard; sourceTree = "<group>"; };
		3E6F9AA41F15E9140081E8CC /* Info.plist */ = {isa = PBXFileReference; lastKnownFileType = text.plist.xml; path = Info.plist; sourceTree = "<group>"; };
		3E6F9AAA1F15E95D0081E8CC /* JavaScriptCore.framework */ = {isa = PBXFileReference; lastKnownFileType = wrapper.framework; path = JavaScriptCore.framework; sourceTree = "<group>"; };
		3E6F9AAC1F15E96D0081E8CC /* Second.html */ = {isa = PBXFileReference; fileEncoding = 4; lastKnownFileType = text.html; path = Second.html; sourceTree = "<group>"; };
		3E6F9AB11F15F4BE0081E8CC /* .project */ = {isa = PBXFileReference; fileEncoding = 4; lastKnownFileType = text.xml; path = .project; sourceTree = "<group>"; };
		3E6F9AB31F15F4BE0081E8CC /* mobile_base.css */ = {isa = PBXFileReference; fileEncoding = 4; lastKnownFileType = text.css; path = mobile_base.css; sourceTree = "<group>"; };
		3E6F9AB51F15F4BE0081E8CC /* cooking_icon.png */ = {isa = PBXFileReference; lastKnownFileType = image.png; path = cooking_icon.png; sourceTree = "<group>"; };
		3E6F9AB61F15F4BE0081E8CC /* icon_weather00.png */ = {isa = PBXFileReference; lastKnownFileType = image.png; path = icon_weather00.png; sourceTree = "<group>"; };
		3E6F9AB71F15F4BE0081E8CC /* icon_weather00_86.png */ = {isa = PBXFileReference; lastKnownFileType = image.png; path = icon_weather00_86.png; sourceTree = "<group>"; };
		3E6F9AB81F15F4BE0081E8CC /* icon_weather00_d.png */ = {isa = PBXFileReference; lastKnownFileType = image.png; path = icon_weather00_d.png; sourceTree = "<group>"; };
		3E6F9AB91F15F4BE0081E8CC /* icon_weather01.png */ = {isa = PBXFileReference; lastKnownFileType = image.png; path = icon_weather01.png; sourceTree = "<group>"; };
		3E6F9ABA1F15F4BE0081E8CC /* icon_weather011_86.png */ = {isa = PBXFileReference; lastKnownFileType = image.png; path = icon_weather011_86.png; sourceTree = "<group>"; };
		3E6F9ABB1F15F4BE0081E8CC /* icon_weather012_86.png */ = {isa = PBXFileReference; lastKnownFileType = image.png; path = icon_weather012_86.png; sourceTree = "<group>"; };
		3E6F9ABC1F15F4BE0081E8CC /* icon_weather01_86.png */ = {isa = PBXFileReference; lastKnownFileType = image.png; path = icon_weather01_86.png; sourceTree = "<group>"; };
		3E6F9ABD1F15F4BE0081E8CC /* icon_weather01_d.png */ = {isa = PBXFileReference; lastKnownFileType = image.png; path = icon_weather01_d.png; sourceTree = "<group>"; };
		3E6F9ABE1F15F4BE0081E8CC /* icon_weather02.png */ = {isa = PBXFileReference; lastKnownFileType = image.png; path = icon_weather02.png; sourceTree = "<group>"; };
		3E6F9ABF1F15F4BE0081E8CC /* icon_weather02_86.png */ = {isa = PBXFileReference; lastKnownFileType = image.png; path = icon_weather02_86.png; sourceTree = "<group>"; };
		3E6F9AC01F15F4BE0081E8CC /* icon_weather02_d.png */ = {isa = PBXFileReference; lastKnownFileType = image.png; path = icon_weather02_d.png; sourceTree = "<group>"; };
		3E6F9AC11F15F4BE0081E8CC /* icon_weather03.png */ = {isa = PBXFileReference; lastKnownFileType = image.png; path = icon_weather03.png; sourceTree = "<group>"; };
		3E6F9AC21F15F4BE0081E8CC /* icon_weather03_86.png */ = {isa = PBXFileReference; lastKnownFileType = image.png; path = icon_weather03_86.png; sourceTree = "<group>"; };
		3E6F9AC31F15F4BE0081E8CC /* icon_weather03_d.png */ = {isa = PBXFileReference; lastKnownFileType = image.png; path = icon_weather03_d.png; sourceTree = "<group>"; };
		3E6F9AC41F15F4BE0081E8CC /* icon_weather04.png */ = {isa = PBXFileReference; lastKnownFileType = image.png; path = icon_weather04.png; sourceTree = "<group>"; };
		3E6F9AC51F15F4BE0081E8CC /* icon_weather04_86.png */ = {isa = PBXFileReference; lastKnownFileType = image.png; path = icon_weather04_86.png; sourceTree = "<group>"; };
		3E6F9AC61F15F4BE0081E8CC /* icon_weather04_d.png */ = {isa = PBXFileReference; lastKnownFileType = image.png; path = icon_weather04_d.png; sourceTree = "<group>"; };
		3E6F9AC71F15F4BE0081E8CC /* icon_weather05.png */ = {isa = PBXFileReference; lastKnownFileType = image.png; path = icon_weather05.png; sourceTree = "<group>"; };
		3E6F9AC81F15F4BE0081E8CC /* icon_weather05_86.png */ = {isa = PBXFileReference; lastKnownFileType = image.png; path = icon_weather05_86.png; sourceTree = "<group>"; };
		3E6F9AC91F15F4BE0081E8CC /* icon_weather05_d.png */ = {isa = PBXFileReference; lastKnownFileType = image.png; path = icon_weather05_d.png; sourceTree = "<group>"; };
		3E6F9ACA1F15F4BE0081E8CC /* icon_weather06.png */ = {isa = PBXFileReference; lastKnownFileType = image.png; path = icon_weather06.png; sourceTree = "<group>"; };
		3E6F9ACB1F15F4BE0081E8CC /* icon_weather06_86.png */ = {isa = PBXFileReference; lastKnownFileType = image.png; path = icon_weather06_86.png; sourceTree = "<group>"; };
		3E6F9ACC1F15F4BE0081E8CC /* icon_weather06_d.png */ = {isa = PBXFileReference; lastKnownFileType = image.png; path = icon_weather06_d.png; sourceTree = "<group>"; };
		3E6F9ACD1F15F4BE0081E8CC /* icon_weather07.png */ = {isa = PBXFileReference; lastKnownFileType = image.png; path = icon_weather07.png; sourceTree = "<group>"; };
		3E6F9ACE1F15F4BE0081E8CC /* icon_weather07_86.png */ = {isa = PBXFileReference; lastKnownFileType = image.png; path = icon_weather07_86.png; sourceTree = "<group>"; };
		3E6F9ACF1F15F4BE0081E8CC /* icon_weather07_d.png */ = {isa = PBXFileReference; lastKnownFileType = image.png; path = icon_weather07_d.png; sourceTree = "<group>"; };
		3E6F9AD01F15F4BE0081E8CC /* icon_weather08.png */ = {isa = PBXFileReference; lastKnownFileType = image.png; path = icon_weather08.png; sourceTree = "<group>"; };
		3E6F9AD11F15F4BE0081E8CC /* icon_weather08_86.png */ = {isa = PBXFileReference; lastKnownFileType = image.png; path = icon_weather08_86.png; sourceTree = "<group>"; };
		3E6F9AD21F15F4BE0081E8CC /* icon_weather08_d.png */ = {isa = PBXFileReference; lastKnownFileType = image.png; path = icon_weather08_d.png; sourceTree = "<group>"; };
		3E6F9AD31F15F4BE0081E8CC /* icon_weather09.png */ = {isa = PBXFileReference; lastKnownFileType = image.png; path = icon_weather09.png; sourceTree = "<group>"; };
		3E6F9AD41F15F4BE0081E8CC /* icon_weather09_86.png */ = {isa = PBXFileReference; lastKnownFileType = image.png; path = icon_weather09_86.png; sourceTree = "<group>"; };
		3E6F9AD51F15F4BE0081E8CC /* icon_weather09_d.png */ = {isa = PBXFileReference; lastKnownFileType = image.png; path = icon_weather09_d.png; sourceTree = "<group>"; };
		3E6F9AD61F15F4BE0081E8CC /* icon_weather10.png */ = {isa = PBXFileReference; lastKnownFileType = image.png; path = icon_weather10.png; sourceTree = "<group>"; };
		3E6F9AD71F15F4BE0081E8CC /* icon_weather10_86.png */ = {isa = PBXFileReference; lastKnownFileType = image.png; path = icon_weather10_86.png; sourceTree = "<group>"; };
		3E6F9AD81F15F4BE0081E8CC /* icon_weather10_d.png */ = {isa = PBXFileReference; lastKnownFileType = image.png; path = icon_weather10_d.png; sourceTree = "<group>"; };
		3E6F9AD91F15F4BE0081E8CC /* icon_weather11.png */ = {isa = PBXFileReference; lastKnownFileType = image.png; path = icon_weather11.png; sourceTree = "<group>"; };
		3E6F9ADA1F15F4BE0081E8CC /* icon_weather11_d.png */ = {isa = PBXFileReference; lastKnownFileType = image.png; path = icon_weather11_d.png; sourceTree = "<group>"; };
		3E6F9ADB1F15F4BE0081E8CC /* icon_weather12.png */ = {isa = PBXFileReference; lastKnownFileType = image.png; path = icon_weather12.png; sourceTree = "<group>"; };
		3E6F9ADC1F15F4BE0081E8CC /* icon_weather12_d.png */ = {isa = PBXFileReference; lastKnownFileType = image.png; path = icon_weather12_d.png; sourceTree = "<group>"; };
		3E6F9ADD1F15F4BE0081E8CC /* news_title.png */ = {isa = PBXFileReference; lastKnownFileType = image.png; path = news_title.png; sourceTree = "<group>"; };
		3E6F9ADE1F15F4BE0081E8CC /* option_baike_title.png */ = {isa = PBXFileReference; lastKnownFileType = image.png; path = option_baike_title.png; sourceTree = "<group>"; };
		3E6F9ADF1F15F4BE0081E8CC /* poem_title.png */ = {isa = PBXFileReference; lastKnownFileType = image.png; path = poem_title.png; sourceTree = "<group>"; };
		3E6F9AE01F15F4BE0081E8CC /* stock_down.png */ = {isa = PBXFileReference; lastKnownFileType = image.png; path = stock_down.png; sourceTree = "<group>"; };
		3E6F9AE11F15F4BE0081E8CC /* stock_up.png */ = {isa = PBXFileReference; lastKnownFileType = image.png; path = stock_up.png; sourceTree = "<group>"; };
		3E6F9AE31F15F4BE0081E8CC /* date_format.js */ = {isa = PBXFileReference; fileEncoding = 4; lastKnownFileType = sourcecode.javascript; path = date_format.js; sourceTree = "<group>"; };
		3E6F9AE41F15F4BE0081E8CC /* jquery.js */ = {isa = PBXFileReference; fileEncoding = 4; lastKnownFileType = sourcecode.javascript; path = jquery.js; sourceTree = "<group>"; };
		3E6F9AE51F15F4BE0081E8CC /* readme.txt */ = {isa = PBXFileReference; fileEncoding = 4; lastKnownFileType = text; path = readme.txt; sourceTree = "<group>"; };
		3E6F9B1A1F15F4EF0081E8CC /* ui.html */ = {isa = PBXFileReference; fileEncoding = 4; lastKnownFileType = text.html; path = ui.html; sourceTree = "<group>"; };
/* End PBXFileReference section */

/* Begin PBXFrameworksBuildPhase section */
		3E6F9A8D1F15E9140081E8CC /* Frameworks */ = {
			isa = PBXFrameworksBuildPhase;
			buildActionMask = 2147483647;
			files = (
				3E6F9AAB1F15E95D0081E8CC /* JavaScriptCore.framework in Frameworks */,
			);
			runOnlyForDeploymentPostprocessing = 0;
		};
/* End PBXFrameworksBuildPhase section */

/* Begin PBXGroup section */
		3E6F9A871F15E9140081E8CC = {
			isa = PBXGroup;
			children = (
				3E6F9A921F15E9140081E8CC /* js与oc交互 */,
				3E6F9A911F15E9140081E8CC /* Products */,
			);
			sourceTree = "<group>";
		};
		3E6F9A911F15E9140081E8CC /* Products */ = {
			isa = PBXGroup;
			children = (
				3E6F9A901F15E9140081E8CC /* js与oc交互.app */,
			);
			name = Products;
			sourceTree = "<group>";
		};
		3E6F9A921F15E9140081E8CC /* js与oc交互 */ = {
			isa = PBXGroup;
			children = (
				3E6F9AB01F15F4BE0081E8CC /* js_html */,
				3E6F9AAC1F15E96D0081E8CC /* Second.html */,
				3E6F9AAA1F15E95D0081E8CC /* JavaScriptCore.framework */,
				3E6F9A961F15E9140081E8CC /* AppDelegate.h */,
				3E6F9A971F15E9140081E8CC /* AppDelegate.m */,
				3E6F9A991F15E9140081E8CC /* ViewController.h */,
				3E6F9A9A1F15E9140081E8CC /* ViewController.m */,
				3E6F9A9C1F15E9140081E8CC /* Main.storyboard */,
				3E6F9A9F1F15E9140081E8CC /* Assets.xcassets */,
				3E6F9AA11F15E9140081E8CC /* LaunchScreen.storyboard */,
				3E6F9AA41F15E9140081E8CC /* Info.plist */,
				3E6F9A931F15E9140081E8CC /* Supporting Files */,
			);
			path = "js与oc交互";
			sourceTree = "<group>";
		};
		3E6F9A931F15E9140081E8CC /* Supporting Files */ = {
			isa = PBXGroup;
			children = (
				3E6F9A941F15E9140081E8CC /* main.m */,
			);
			name = "Supporting Files";
			sourceTree = "<group>";
		};
		3E6F9AB01F15F4BE0081E8CC /* js_html */ = {
			isa = PBXGroup;
			children = (
				3E6F9B1A1F15F4EF0081E8CC /* ui.html */,
				3E6F9AB11F15F4BE0081E8CC /* .project */,
				3E6F9AB21F15F4BE0081E8CC /* css */,
				3E6F9AB41F15F4BE0081E8CC /* img */,
				3E6F9AE21F15F4BE0081E8CC /* js */,
				3E6F9AE51F15F4BE0081E8CC /* readme.txt */,
			);
			path = js_html;
			sourceTree = "<group>";
		};
		3E6F9AB21F15F4BE0081E8CC /* css */ = {
			isa = PBXGroup;
			children = (
				3E6F9AB31F15F4BE0081E8CC /* mobile_base.css */,
			);
			path = css;
			sourceTree = "<group>";
		};
		3E6F9AB41F15F4BE0081E8CC /* img */ = {
			isa = PBXGroup;
			children = (
				3E6F9AB51F15F4BE0081E8CC /* cooking_icon.png */,
				3E6F9AB61F15F4BE0081E8CC /* icon_weather00.png */,
				3E6F9AB71F15F4BE0081E8CC /* icon_weather00_86.png */,
				3E6F9AB81F15F4BE0081E8CC /* icon_weather00_d.png */,
				3E6F9AB91F15F4BE0081E8CC /* icon_weather01.png */,
				3E6F9ABA1F15F4BE0081E8CC /* icon_weather011_86.png */,
				3E6F9ABB1F15F4BE0081E8CC /* icon_weather012_86.png */,
				3E6F9ABC1F15F4BE0081E8CC /* icon_weather01_86.png */,
				3E6F9ABD1F15F4BE0081E8CC /* icon_weather01_d.png */,
				3E6F9ABE1F15F4BE0081E8CC /* icon_weather02.png */,
				3E6F9ABF1F15F4BE0081E8CC /* icon_weather02_86.png */,
				3E6F9AC01F15F4BE0081E8CC /* icon_weather02_d.png */,
				3E6F9AC11F15F4BE0081E8CC /* icon_weather03.png */,
				3E6F9AC21F15F4BE0081E8CC /* icon_weather03_86.png */,
				3E6F9AC31F15F4BE0081E8CC /* icon_weather03_d.png */,
				3E6F9AC41F15F4BE0081E8CC /* icon_weather04.png */,
				3E6F9AC51F15F4BE0081E8CC /* icon_weather04_86.png */,
				3E6F9AC61F15F4BE0081E8CC /* icon_weather04_d.png */,
				3E6F9AC71F15F4BE0081E8CC /* icon_weather05.png */,
				3E6F9AC81F15F4BE0081E8CC /* icon_weather05_86.png */,
				3E6F9AC91F15F4BE0081E8CC /* icon_weather05_d.png */,
				3E6F9ACA1F15F4BE0081E8CC /* icon_weather06.png */,
				3E6F9ACB1F15F4BE0081E8CC /* icon_weather06_86.png */,
				3E6F9ACC1F15F4BE0081E8CC /* icon_weather06_d.png */,
				3E6F9ACD1F15F4BE0081E8CC /* icon_weather07.png */,
				3E6F9ACE1F15F4BE0081E8CC /* icon_weather07_86.png */,
				3E6F9ACF1F15F4BE0081E8CC /* icon_weather07_d.png */,
				3E6F9AD01F15F4BE0081E8CC /* icon_weather08.png */,
				3E6F9AD11F15F4BE0081E8CC /* icon_weather08_86.png */,
				3E6F9AD21F15F4BE0081E8CC /* icon_weather08_d.png */,
				3E6F9AD31F15F4BE0081E8CC /* icon_weather09.png */,
				3E6F9AD41F15F4BE0081E8CC /* icon_weather09_86.png */,
				3E6F9AD51F15F4BE0081E8CC /* icon_weather09_d.png */,
				3E6F9AD61F15F4BE0081E8CC /* icon_weather10.png */,
				3E6F9AD71F15F4BE0081E8CC /* icon_weather10_86.png */,
				3E6F9AD81F15F4BE0081E8CC /* icon_weather10_d.png */,
				3E6F9AD91F15F4BE0081E8CC /* icon_weather11.png */,
				3E6F9ADA1F15F4BE0081E8CC /* icon_weather11_d.png */,
				3E6F9ADB1F15F4BE0081E8CC /* icon_weather12.png */,
				3E6F9ADC1F15F4BE0081E8CC /* icon_weather12_d.png */,
				3E6F9ADD1F15F4BE0081E8CC /* news_title.png */,
				3E6F9ADE1F15F4BE0081E8CC /* option_baike_title.png */,
				3E6F9ADF1F15F4BE0081E8CC /* poem_title.png */,
				3E6F9AE01F15F4BE0081E8CC /* stock_down.png */,
				3E6F9AE11F15F4BE0081E8CC /* stock_up.png */,
			);
			path = img;
			sourceTree = "<group>";
		};
		3E6F9AE21F15F4BE0081E8CC /* js */ = {
			isa = PBXGroup;
			children = (
				3E6F9AE31F15F4BE0081E8CC /* date_format.js */,
				3E6F9AE41F15F4BE0081E8CC /* jquery.js */,
			);
			path = js;
			sourceTree = "<group>";
		};
/* End PBXGroup section */

/* Begin PBXNativeTarget section */
		3E6F9A8F1F15E9140081E8CC /* js与oc交互 */ = {
			isa = PBXNativeTarget;
			buildConfigurationList = 3E6F9AA71F15E9140081E8CC /* Build configuration list for PBXNativeTarget "js与oc交互" */;
			buildPhases = (
				3E6F9A8C1F15E9140081E8CC /* Sources */,
				3E6F9A8D1F15E9140081E8CC /* Frameworks */,
				3E6F9A8E1F15E9140081E8CC /* Resources */,
			);
			buildRules = (
			);
			dependencies = (
			);
			name = "js与oc交互";
			productName = "js与oc交互";
			productReference = 3E6F9A901F15E9140081E8CC /* js与oc交互.app */;
			productType = "com.apple.product-type.application";
		};
/* End PBXNativeTarget section */

/* Begin PBXProject section */
		3E6F9A881F15E9140081E8CC /* Project object */ = {
			isa = PBXProject;
			attributes = {
				LastUpgradeCheck = 0830;
				ORGANIZATIONNAME = "Scarlett Zhao";
				TargetAttributes = {
					3E6F9A8F1F15E9140081E8CC = {
						CreatedOnToolsVersion = 8.3.3;
						DevelopmentTeam = LPP3KD3K79;
						ProvisioningStyle = Automatic;
					};
				};
			};
			buildConfigurationList = 3E6F9A8B1F15E9140081E8CC /* Build configuration list for PBXProject "js与oc交互" */;
			compatibilityVersion = "Xcode 3.2";
			developmentRegion = English;
			hasScannedForEncodings = 0;
			knownRegions = (
				en,
				Base,
			);
			mainGroup = 3E6F9A871F15E9140081E8CC;
			productRefGroup = 3E6F9A911F15E9140081E8CC /* Products */;
			projectDirPath = "";
			projectRoot = "";
			targets = (
				3E6F9A8F1F15E9140081E8CC /* js与oc交互 */,
			);
		};
/* End PBXProject section */

/* Begin PBXResourcesBuildPhase section */
		3E6F9A8E1F15E9140081E8CC /* Resources */ = {
			isa = PBXResourcesBuildPhase;
			buildActionMask = 2147483647;
			files = (
				3E6F9AE81F15F4BE0081E8CC /* mobile_base.css in Resources */,
				3E6F9B051F15F4BE0081E8CC /* icon_weather08_86.png in Resources */,
				3E6F9AEA1F15F4BE0081E8CC /* icon_weather00.png in Resources */,
				3E6F9B0A1F15F4BE0081E8CC /* icon_weather10.png in Resources */,
				3E6F9B0E1F15F4BE0081E8CC /* icon_weather11_d.png in Resources */,
				3E6F9B081F15F4BE0081E8CC /* icon_weather09_86.png in Resources */,
				3E6F9B171F15F4BE0081E8CC /* jquery.js in Resources */,
				3E6F9B021F15F4BE0081E8CC /* icon_weather07_86.png in Resources */,
				3E6F9AFC1F15F4BE0081E8CC /* icon_weather05_86.png in Resources */,
				3E6F9B0F1F15F4BE0081E8CC /* icon_weather12.png in Resources */,
				3E6F9B0C1F15F4BE0081E8CC /* icon_weather10_d.png in Resources */,
				3E6F9AA31F15E9140081E8CC /* LaunchScreen.storyboard in Resources */,
				3E6F9B031F15F4BE0081E8CC /* icon_weather07_d.png in Resources */,
				3E6F9B011F15F4BE0081E8CC /* icon_weather07.png in Resources */,
				3E6F9AF31F15F4BE0081E8CC /* icon_weather02_86.png in Resources */,
				3E6F9B181F15F4BE0081E8CC /* readme.txt in Resources */,
				3E6F9AFB1F15F4BE0081E8CC /* icon_weather05.png in Resources */,
				3E6F9AF61F15F4BE0081E8CC /* icon_weather03_86.png in Resources */,
				3E6F9AFD1F15F4BE0081E8CC /* icon_weather05_d.png in Resources */,
				3E6F9B121F15F4BE0081E8CC /* option_baike_title.png in Resources */,
				3E6F9AF71F15F4BE0081E8CC /* icon_weather03_d.png in Resources */,
				3E6F9B141F15F4BE0081E8CC /* stock_down.png in Resources */,
				3E6F9AF51F15F4BE0081E8CC /* icon_weather03.png in Resources */,
				3E6F9B0B1F15F4BE0081E8CC /* icon_weather10_86.png in Resources */,
				3E6F9B101F15F4BE0081E8CC /* icon_weather12_d.png in Resources */,
				3E6F9AF11F15F4BE0081E8CC /* icon_weather01_d.png in Resources */,
				3E6F9B041F15F4BE0081E8CC /* icon_weather08.png in Resources */,
				3E6F9AEF1F15F4BE0081E8CC /* icon_weather012_86.png in Resources */,
				3E6F9AF91F15F4BE0081E8CC /* icon_weather04_86.png in Resources */,
				3E6F9AA01F15E9140081E8CC /* Assets.xcassets in Resources */,
				3E6F9AFE1F15F4BE0081E8CC /* icon_weather06.png in Resources */,
				3E6F9B001F15F4BE0081E8CC /* icon_weather06_d.png in Resources */,
				3E6F9AF41F15F4BE0081E8CC /* icon_weather02_d.png in Resources */,
				3E6F9B161F15F4BE0081E8CC /* date_format.js in Resources */,
				3E6F9B071F15F4BE0081E8CC /* icon_weather09.png in Resources */,
				3E6F9AAD1F15E96D0081E8CC /* Second.html in Resources */,
				3E6F9AEB1F15F4BE0081E8CC /* icon_weather00_86.png in Resources */,
				3E6F9AED1F15F4BE0081E8CC /* icon_weather01.png in Resources */,
				3E6F9B091F15F4BE0081E8CC /* icon_weather09_d.png in Resources */,
				3E6F9AFF1F15F4BE0081E8CC /* icon_weather06_86.png in Resources */,
				3E6F9AEE1F15F4BE0081E8CC /* icon_weather011_86.png in Resources */,
				3E6F9B131F15F4BE0081E8CC /* poem_title.png in Resources */,
				3E6F9A9E1F15E9140081E8CC /* Main.storyboard in Resources */,
				3E6F9AF81F15F4BE0081E8CC /* icon_weather04.png in Resources */,
				3E6F9AF01F15F4BE0081E8CC /* icon_weather01_86.png in Resources */,
				3E6F9B061F15F4BE0081E8CC /* icon_weather08_d.png in Resources */,
				3E6F9AF21F15F4BE0081E8CC /* icon_weather02.png in Resources */,
				3E6F9AEC1F15F4BE0081E8CC /* icon_weather00_d.png in Resources */,
				3E6F9B0D1F15F4BE0081E8CC /* icon_weather11.png in Resources */,
				3E6F9B1B1F15F4EF0081E8CC /* ui.html in Resources */,
				3E6F9AE91F15F4BE0081E8CC /* cooking_icon.png in Resources */,
				3E6F9B151F15F4BE0081E8CC /* stock_up.png in Resources */,
				3E6F9AFA1F15F4BE0081E8CC /* icon_weather04_d.png in Resources */,
				3E6F9AE71F15F4BE0081E8CC /* .project in Resources */,
				3E6F9B111F15F4BE0081E8CC /* news_title.png in Resources */,
			);
			runOnlyForDeploymentPostprocessing = 0;
		};
/* End PBXResourcesBuildPhase section */

/* Begin PBXSourcesBuildPhase section */
		3E6F9A8C1F15E9140081E8CC /* Sources */ = {
			isa = PBXSourcesBuildPhase;
			buildActionMask = 2147483647;
			files = (
				3E6F9A9B1F15E9140081E8CC /* ViewController.m in Sources */,
				3E6F9A981F15E9140081E8CC /* AppDelegate.m in Sources */,
				3E6F9A951F15E9140081E8CC /* main.m in Sources */,
			);
			runOnlyForDeploymentPostprocessing = 0;
		};
/* End PBXSourcesBuildPhase section */

/* Begin PBXVariantGroup section */
		3E6F9A9C1F15E9140081E8CC /* Main.storyboard */ = {
			isa = PBXVariantGroup;
			children = (
				3E6F9A9D1F15E9140081E8CC /* Base */,
			);
			name = Main.storyboard;
			sourceTree = "<group>";
		};
		3E6F9AA11F15E9140081E8CC /* LaunchScreen.storyboard */ = {
			isa = PBXVariantGroup;
			children = (
				3E6F9AA21F15E9140081E8CC /* Base */,
			);
			name = LaunchScreen.storyboard;
			sourceTree = "<group>";
		};
/* End PBXVariantGroup section */

/* Begin XCBuildConfiguration section */
		3E6F9AA51F15E9140081E8CC /* Debug */ = {
			isa = XCBuildConfiguration;
			buildSettings = {
				ALWAYS_SEARCH_USER_PATHS = NO;
				CLANG_ANALYZER_NONNULL = YES;
				CLANG_ANALYZER_NUMBER_OBJECT_CONVERSION = YES_AGGRESSIVE;
				CLANG_CXX_LANGUAGE_STANDARD = "gnu++0x";
				CLANG_CXX_LIBRARY = "libc++";
				CLANG_ENABLE_MODULES = YES;
				CLANG_ENABLE_OBJC_ARC = YES;
				CLANG_WARN_BOOL_CONVERSION = YES;
				CLANG_WARN_CONSTANT_CONVERSION = YES;
				CLANG_WARN_DIRECT_OBJC_ISA_USAGE = YES_ERROR;
				CLANG_WARN_DOCUMENTATION_COMMENTS = YES;
				CLANG_WARN_EMPTY_BODY = YES;
				CLANG_WARN_ENUM_CONVERSION = YES;
				CLANG_WARN_INFINITE_RECURSION = YES;
				CLANG_WARN_INT_CONVERSION = YES;
				CLANG_WARN_OBJC_ROOT_CLASS = YES_ERROR;
				CLANG_WARN_SUSPICIOUS_MOVE = YES;
				CLANG_WARN_UNREACHABLE_CODE = YES;
				CLANG_WARN__DUPLICATE_METHOD_MATCH = YES;
				"CODE_SIGN_IDENTITY[sdk=iphoneos*]" = "iPhone Developer";
				COPY_PHASE_STRIP = NO;
				DEBUG_INFORMATION_FORMAT = dwarf;
				ENABLE_STRICT_OBJC_MSGSEND = YES;
				ENABLE_TESTABILITY = YES;
				GCC_C_LANGUAGE_STANDARD = gnu99;
				GCC_DYNAMIC_NO_PIC = NO;
				GCC_NO_COMMON_BLOCKS = YES;
				GCC_OPTIMIZATION_LEVEL = 0;
				GCC_PREPROCESSOR_DEFINITIONS = (
					"DEBUG=1",
					"$(inherited)",
				);
				GCC_WARN_64_TO_32_BIT_CONVERSION = YES;
				GCC_WARN_ABOUT_RETURN_TYPE = YES_ERROR;
				GCC_WARN_UNDECLARED_SELECTOR = YES;
				GCC_WARN_UNINITIALIZED_AUTOS = YES_AGGRESSIVE;
				GCC_WARN_UNUSED_FUNCTION = YES;
				GCC_WARN_UNUSED_VARIABLE = YES;
				IPHONEOS_DEPLOYMENT_TARGET = 10.3;
				MTL_ENABLE_DEBUG_INFO = YES;
				ONLY_ACTIVE_ARCH = YES;
				SDKROOT = iphoneos;
				TARGETED_DEVICE_FAMILY = "1,2";
			};
			name = Debug;
		};
		3E6F9AA61F15E9140081E8CC /* Release */ = {
			isa = XCBuildConfiguration;
			buildSettings = {
				ALWAYS_SEARCH_USER_PATHS = NO;
				CLANG_ANALYZER_NONNULL = YES;
				CLANG_ANALYZER_NUMBER_OBJECT_CONVERSION = YES_AGGRESSIVE;
				CLANG_CXX_LANGUAGE_STANDARD = "gnu++0x";
				CLANG_CXX_LIBRARY = "libc++";
				CLANG_ENABLE_MODULES = YES;
				CLANG_ENABLE_OBJC_ARC = YES;
				CLANG_WARN_BOOL_CONVERSION = YES;
				CLANG_WARN_CONSTANT_CONVERSION = YES;
				CLANG_WARN_DIRECT_OBJC_ISA_USAGE = YES_ERROR;
				CLANG_WARN_DOCUMENTATION_COMMENTS = YES;
				CLANG_WARN_EMPTY_BODY = YES;
				CLANG_WARN_ENUM_CONVERSION = YES;
				CLANG_WARN_INFINITE_RECURSION = YES;
				CLANG_WARN_INT_CONVERSION = YES;
				CLANG_WARN_OBJC_ROOT_CLASS = YES_ERROR;
				CLANG_WARN_SUSPICIOUS_MOVE = YES;
				CLANG_WARN_UNREACHABLE_CODE = YES;
				CLANG_WARN__DUPLICATE_METHOD_MATCH = YES;
				"CODE_SIGN_IDENTITY[sdk=iphoneos*]" = "iPhone Developer";
				COPY_PHASE_STRIP = NO;
				DEBUG_INFORMATION_FORMAT = "dwarf-with-dsym";
				ENABLE_NS_ASSERTIONS = NO;
				ENABLE_STRICT_OBJC_MSGSEND = YES;
				GCC_C_LANGUAGE_STANDARD = gnu99;
				GCC_NO_COMMON_BLOCKS = YES;
				GCC_WARN_64_TO_32_BIT_CONVERSION = YES;
				GCC_WARN_ABOUT_RETURN_TYPE = YES_ERROR;
				GCC_WARN_UNDECLARED_SELECTOR = YES;
				GCC_WARN_UNINITIALIZED_AUTOS = YES_AGGRESSIVE;
				GCC_WARN_UNUSED_FUNCTION = YES;
				GCC_WARN_UNUSED_VARIABLE = YES;
				IPHONEOS_DEPLOYMENT_TARGET = 10.3;
				MTL_ENABLE_DEBUG_INFO = NO;
				SDKROOT = iphoneos;
				TARGETED_DEVICE_FAMILY = "1,2";
				VALIDATE_PRODUCT = YES;
			};
			name = Release;
		};
		3E6F9AA81F15E9140081E8CC /* Debug */ = {
			isa = XCBuildConfiguration;
			buildSettings = {
				ASSETCATALOG_COMPILER_APPICON_NAME = AppIcon;
				DEVELOPMENT_TEAM = LPP3KD3K79;
				FRAMEWORK_SEARCH_PATHS = (
					"$(inherited)",
					"$(PROJECT_DIR)/js与oc交互",
				);
				INFOPLIST_FILE = "js与oc交互/Info.plist";
				LD_RUNPATH_SEARCH_PATHS = "$(inherited) @executable_path/Frameworks";
				PRODUCT_BUNDLE_IDENTIFIER = "com.sh.itasktour.acc.product.js-oc--";
				PRODUCT_NAME = "$(TARGET_NAME)";
			};
			name = Debug;
		};
		3E6F9AA91F15E9140081E8CC /* Release */ = {
			isa = XCBuildConfiguration;
			buildSettings = {
				ASSETCATALOG_COMPILER_APPICON_NAME = AppIcon;
				DEVELOPMENT_TEAM = LPP3KD3K79;
				FRAMEWORK_SEARCH_PATHS = (
					"$(inherited)",
					"$(PROJECT_DIR)/js与oc交互",
				);
				INFOPLIST_FILE = "js与oc交互/Info.plist";
				LD_RUNPATH_SEARCH_PATHS = "$(inherited) @executable_path/Frameworks";
				PRODUCT_BUNDLE_IDENTIFIER = "com.sh.itasktour.acc.product.js-oc--";
				PRODUCT_NAME = "$(TARGET_NAME)";
			};
			name = Release;
		};
/* End XCBuildConfiguration section */

/* Begin XCConfigurationList section */
		3E6F9A8B1F15E9140081E8CC /* Build configuration list for PBXProject "js与oc交互" */ = {
			isa = XCConfigurationList;
			buildConfigurations = (
				3E6F9AA51F15E9140081E8CC /* Debug */,
				3E6F9AA61F15E9140081E8CC /* Release */,
			);
			defaultConfigurationIsVisible = 0;
			defaultConfigurationName = Release;
		};
		3E6F9AA71F15E9140081E8CC /* Build configuration list for PBXNativeTarget "js与oc交互" */ = {
			isa = XCConfigurationList;
			buildConfigurations = (
				3E6F9AA81F15E9140081E8CC /* Debug */,
				3E6F9AA91F15E9140081E8CC /* Release */,
			);
			defaultConfigurationIsVisible = 0;
		};
/* End XCConfigurationList section */
	};
	rootObject = 3E6F9A881F15E9140081E8CC /* Project object */;
}
